
Microsoft Visual Studio Solution File, Format Version 12.00
# Visual Studio Version 16
VisualStudioVersion = 16.0.31424.327
MinimumVisualStudioVersion = 10.0.40219.1
Project("{FAE04EC0-301F-11D3-BF4B-00C04F79EFBC}") = "07_BlazorHosted.Server", "Server\07_BlazorHosted.Server.csproj", "{EAFC6CC9-7AF5-433B-AE1E-659BCCC241E2}"
EndProject
Project("{FAE04EC0-301F-11D3-BF4B-00C04F79EFBC}") = "07_BlazorHosted.Client", "Client\07_BlazorHosted.Client.csproj", "{D16E3D3B-355E-43B7-A281-1C03AB2FBF79}"
EndProject
Project("{FAE04EC0-301F-11D3-BF4B-00C04F79EFBC}") = "07_BlazorHosted.Shared", "Shared\07_BlazorHosted.Shared.csproj", "{CE11628D-1426-4FC7-8A30-0D51E3B5DD0F}"
EndProject
Global
	GlobalSection(SolutionConfigurationPlatforms) = preSolution
		Debug|Any CPU = Debug|Any CPU
		Release|Any CPU = Release|Any CPU
	EndGlobalSection
	GlobalSection(ProjectConfigurationPlatforms) = postSolution
		{EAFC6CC9-7AF5-433B-AE1E-659BCCC241E2}.Debug|Any CPU.ActiveCfg = Debug|Any CPU
		{EAFC6CC9-7AF5-433B-AE1E-659BCCC241E2}.Debug|Any CPU.Build.0 = Debug|Any CPU
		{EAFC6CC9-7AF5-433B-AE1E-659BCCC241E2}.Release|Any CPU.ActiveCfg = Release|Any CPU
		{EAFC6CC9-7AF5-433B-AE1E-659BCCC241E2}.Release|Any CPU.Build.0 = Release|Any CPU
		{D16E3D3B-355E-43B7-A281-1C03AB2FBF79}.Debug|Any CPU.ActiveCfg = Debug|Any CPU
		{D16E3D3B-355E-43B7-A281-1C03AB2FBF79}.Debug|Any CPU.Build.0 = Debug|Any CPU
		{D16E3D3B-355E-43B7-A281-1C03AB2FBF79}.Release|Any CPU.ActiveCfg = Release|Any CPU
		{D16E3D3B-355E-43B7-A281-1C03AB2FBF79}.Release|Any CPU.Build.0 = Release|Any CPU
		{CE11628D-1426-4FC7-8A30-0D51E3B5DD0F}.Debug|Any CPU.ActiveCfg = Debug|Any CPU
		{CE11628D-1426-4FC7-8A30-0D51E3B5DD0F}.Debug|Any CPU.Build.0 = Debug|Any CPU
		{CE11628D-1426-4FC7-8A30-0D51E3B5DD0F}.Release|Any CPU.ActiveCfg = Release|Any CPU
		{CE11628D-1426-4FC7-8A30-0D51E3B5DD0F}.Release|Any CPU.Build.0 = Release|Any CPU
	EndGlobalSection
	GlobalSection(SolutionProperties) = preSolution
		HideSolutionNode = FALSE
	EndGlobalSection
	GlobalSection(ExtensibilityGlobals) = postSolution
		SolutionGuid = {95C8F9FD-CBCE-4710-8F64-938C75F2B35E}
	EndGlobalSection
EndGlobal
